
Microsoft Visual Studio Solution File, Format Version 12.00
# Visual Studio Version 16
VisualStudioVersion = 16.0.29509.3
MinimumVisualStudioVersion = 10.0.40219.1
Project("{FAE04EC0-301F-11D3-BF4B-00C04F79EFBC}") = "BL", "BL\BL.csproj", "{2A5458C9-7769-4035-A5C5-88F512E8CAFA}"
EndProject
Global
	GlobalSection(SolutionConfigurationPlatforms) = preSolution
		Debug|Any CPU = Debug|Any CPU
		Release|Any CPU = Release|Any CPU
	EndGlobalSection
	GlobalSection(ProjectConfigurationPlatforms) = postSolution
		{2A5458C9-7769-4035-A5C5-88F512E8CAFA}.Debug|Any CPU.ActiveCfg = Debug|Any CPU
		{2A5458C9-7769-4035-A5C5-88F512E8CAFA}.Debug|Any CPU.Build.0 = Debug|Any CPU
		{2A5458C9-7769-4035-A5C5-88F512E8CAFA}.Release|Any CPU.ActiveCfg = Release|Any CPU
		{2A5458C9-7769-4035-A5C5-88F512E8CAFA}.Release|Any CPU.Build.0 = Release|Any CPU
	EndGlobalSection
	GlobalSection(SolutionProperties) = preSolution
		HideSolutionNode = FALSE
	EndGlobalSection
	GlobalSection(ExtensibilityGlobals) = postSolution
		SolutionGuid = {183182A0-3267-44C9-84F8-76C31A814CF7}
	EndGlobalSection
EndGlobal
