
Microsoft Visual Studio Solution File, Format Version 12.00
# Visual Studio Version 16
VisualStudioVersion = 16.0.29509.3
MinimumVisualStudioVersion = 10.0.40219.1
Project("{FAE04EC0-301F-11D3-BF4B-00C04F79EFBC}") = "BL01", "BL01\BL01.csproj", "{4FD75B48-2EE7-4642-B407-A7B53A38729D}"
EndProject
Global
	GlobalSection(SolutionConfigurationPlatforms) = preSolution
		Debug|Any CPU = Debug|Any CPU
		Release|Any CPU = Release|Any CPU
	EndGlobalSection
	GlobalSection(ProjectConfigurationPlatforms) = postSolution
		{4FD75B48-2EE7-4642-B407-A7B53A38729D}.Debug|Any CPU.ActiveCfg = Debug|Any CPU
		{4FD75B48-2EE7-4642-B407-A7B53A38729D}.Debug|Any CPU.Build.0 = Debug|Any CPU
		{4FD75B48-2EE7-4642-B407-A7B53A38729D}.Release|Any CPU.ActiveCfg = Release|Any CPU
		{4FD75B48-2EE7-4642-B407-A7B53A38729D}.Release|Any CPU.Build.0 = Release|Any CPU
	EndGlobalSection
	GlobalSection(SolutionProperties) = preSolution
		HideSolutionNode = FALSE
	EndGlobalSection
	GlobalSection(ExtensibilityGlobals) = postSolution
		SolutionGuid = {865C3898-B25D-4DA2-83AF-BFDCDE6CADF7}
	EndGlobalSection
EndGlobal
